
Microsoft Visual Studio Solution File, Format Version 12.00
# Visual Studio 15
VisualStudioVersion = 15.0.27130.2010
MinimumVisualStudioVersion = 10.0.40219.1
Project("{F2A71F9B-5D33-465A-A702-920D77279786}") = "sbs", "sbs\sbs.fsproj", "{FC3D0C92-3156-4C21-A4DD-18BCD8622E8A}"
EndProject
Project("{F2A71F9B-5D33-465A-A702-920D77279786}") = "sbs.Tests", "sbs.Tests\sbs.Tests.fsproj", "{4DB60FD6-D981-48FC-91EB-3BE27207BB9E}"
EndProject
Global
	GlobalSection(SolutionConfigurationPlatforms) = preSolution
		Debug|Any CPU = Debug|Any CPU
		Release|Any CPU = Release|Any CPU
	EndGlobalSection
	GlobalSection(ProjectConfigurationPlatforms) = postSolution
		{FC3D0C92-3156-4C21-A4DD-18BCD8622E8A}.Debug|Any CPU.ActiveCfg = Debug|Any CPU
		{FC3D0C92-3156-4C21-A4DD-18BCD8622E8A}.Debug|Any CPU.Build.0 = Debug|Any CPU
		{FC3D0C92-3156-4C21-A4DD-18BCD8622E8A}.Release|Any CPU.ActiveCfg = Release|Any CPU
		{FC3D0C92-3156-4C21-A4DD-18BCD8622E8A}.Release|Any CPU.Build.0 = Release|Any CPU
		{4DB60FD6-D981-48FC-91EB-3BE27207BB9E}.Debug|Any CPU.ActiveCfg = Debug|Any CPU
		{4DB60FD6-D981-48FC-91EB-3BE27207BB9E}.Debug|Any CPU.Build.0 = Debug|Any CPU
		{4DB60FD6-D981-48FC-91EB-3BE27207BB9E}.Release|Any CPU.ActiveCfg = Release|Any CPU
		{4DB60FD6-D981-48FC-91EB-3BE27207BB9E}.Release|Any CPU.Build.0 = Release|Any CPU
	EndGlobalSection
	GlobalSection(SolutionProperties) = preSolution
		HideSolutionNode = FALSE
	EndGlobalSection
	GlobalSection(ExtensibilityGlobals) = postSolution
		SolutionGuid = {C0DE6BBD-A653-493A-B872-A61E60A276BB}
	EndGlobalSection
EndGlobal
